// !$*UTF8*$!
{
	archiveVersion = 1;
	classes = {
	};
	objectVersion = 46;
	objects = {

/* Begin PBXBuildFile section */
		8A0E517B1D855FCB00A6E44B /* AppDelegate.swift in Sources */ = {isa = PBXBuildFile; fileRef = 8A0E517A1D855FCB00A6E44B /* AppDelegate.swift */; };
		8A0E517D1D855FCB00A6E44B /* ViewController.swift in Sources */ = {isa = PBXBuildFile; fileRef = 8A0E517C1D855FCB00A6E44B /* ViewController.swift */; };
		8A0E51821D855FCB00A6E44B /* Assets.xcassets in Resources */ = {isa = PBXBuildFile; fileRef = 8A0E51811D855FCB00A6E44B /* Assets.xcassets */; };
		8A0E51851D855FCB00A6E44B /* LaunchScreen.storyboard in Resources */ = {isa = PBXBuildFile; fileRef = 8A0E51831D855FCB00A6E44B /* LaunchScreen.storyboard */; };
		8A0E51901D855FCB00A6E44B /* helpdTests.swift in Sources */ = {isa = PBXBuildFile; fileRef = 8A0E518F1D855FCB00A6E44B /* helpdTests.swift */; };
		8A0E519B1D855FCB00A6E44B /* helpdUITests.swift in Sources */ = {isa = PBXBuildFile; fileRef = 8A0E519A1D855FCB00A6E44B /* helpdUITests.swift */; };
		8A4A879F1D87A36E0061B848 /* Pulse2SDK in Frameworks */ = {isa = PBXBuildFile; fileRef = 8A4A879E1D87A36E0061B848 /* Pulse2SDK */; };
		8A4A87AE1D87BB860061B848 /* bg.jpg in Resources */ = {isa = PBXBuildFile; fileRef = 8A4A87AC1D87BB860061B848 /* bg.jpg */; };
		8A4A87B61D87EC2A0061B848 /* Main.storyboard in Resources */ = {isa = PBXBuildFile; fileRef = 8A4A87B41D87EC2A0061B848 /* Main.storyboard */; };
		8AA005111D89CD1300328485 /* Bolts.framework in Frameworks */ = {isa = PBXBuildFile; fileRef = 8AA005101D89CD1300328485 /* Bolts.framework */; };
		8AA005171D89EFB600328485 /* fb.swift in Sources */ = {isa = PBXBuildFile; fileRef = 8AA005161D89EFB600328485 /* fb.swift */; };
		8AA005191D89EFEA00328485 /* linkedin.png in Resources */ = {isa = PBXBuildFile; fileRef = 8AA005181D89EFEA00328485 /* linkedin.png */; };
		8AA0051F1D89F00F00328485 /* email.png in Resources */ = {isa = PBXBuildFile; fileRef = 8AA0051A1D89F00F00328485 /* email.png */; };
		8AA005201D89F00F00328485 /* facebook.png in Resources */ = {isa = PBXBuildFile; fileRef = 8AA0051B1D89F00F00328485 /* facebook.png */; };
		8AA005211D89F00F00328485 /* github.png in Resources */ = {isa = PBXBuildFile; fileRef = 8AA0051C1D89F00F00328485 /* github.png */; };
		8AA005221D89F00F00328485 /* instagram.png in Resources */ = {isa = PBXBuildFile; fileRef = 8AA0051D1D89F00F00328485 /* instagram.png */; };
		8AA005231D89F00F00328485 /* twitter.png in Resources */ = {isa = PBXBuildFile; fileRef = 8AA0051E1D89F00F00328485 /* twitter.png */; };
		8AB5D2F31D8931290047DAC9 /* FBSDKCoreKit.framework in Frameworks */ = {isa = PBXBuildFile; fileRef = 8AB5D2F01D8931290047DAC9 /* FBSDKCoreKit.framework */; };
		8AB5D2F41D8931290047DAC9 /* FBSDKLoginKit.framework in Frameworks */ = {isa = PBXBuildFile; fileRef = 8AB5D2F11D8931290047DAC9 /* FBSDKLoginKit.framework */; };
		8AB5D2F51D8931290047DAC9 /* FBSDKShareKit.framework in Frameworks */ = {isa = PBXBuildFile; fileRef = 8AB5D2F21D8931290047DAC9 /* FBSDKShareKit.framework */; };
		8AB5D2FA1D8934D10047DAC9 /* fbSdk.m in Sources */ = {isa = PBXBuildFile; fileRef = 8AB5D2F91D8934D10047DAC9 /* fbSdk.m */; };
/* End PBXBuildFile section */

/* Begin PBXContainerItemProxy section */
		8A0E518C1D855FCB00A6E44B /* PBXContainerItemProxy */ = {
			isa = PBXContainerItemProxy;
			containerPortal = 8A0E516F1D855FCB00A6E44B /* Project object */;
			proxyType = 1;
			remoteGlobalIDString = 8A0E51761D855FCB00A6E44B;
			remoteInfo = helpd;
		};
		8A0E51971D855FCB00A6E44B /* PBXContainerItemProxy */ = {
			isa = PBXContainerItemProxy;
			containerPortal = 8A0E516F1D855FCB00A6E44B /* Project object */;
			proxyType = 1;
			remoteGlobalIDString = 8A0E51761D855FCB00A6E44B;
			remoteInfo = helpd;
		};
/* End PBXContainerItemProxy section */

/* Begin PBXCopyFilesBuildPhase section */
		8A4789B91D856BA000B040DE /* Embed Frameworks */ = {
			isa = PBXCopyFilesBuildPhase;
			buildActionMask = 2147483647;
			dstPath = "";
			dstSubfolderSpec = 10;
			files = (
			);
			name = "Embed Frameworks";
			runOnlyForDeploymentPostprocessing = 0;
		};
/* End PBXCopyFilesBuildPhase section */

/* Begin PBXFileReference section */
		8A0E51771D855FCB00A6E44B /* helpd.app */ = {isa = PBXFileReference; explicitFileType = wrapper.application; includeInIndex = 0; path = helpd.app; sourceTree = BUILT_PRODUCTS_DIR; };
		8A0E517A1D855FCB00A6E44B /* AppDelegate.swift */ = {isa = PBXFileReference; lastKnownFileType = sourcecode.swift; path = AppDelegate.swift; sourceTree = "<group>"; };
		8A0E517C1D855FCB00A6E44B /* ViewController.swift */ = {isa = PBXFileReference; lastKnownFileType = sourcecode.swift; path = ViewController.swift; sourceTree = "<group>"; };
		8A0E51811D855FCB00A6E44B /* Assets.xcassets */ = {isa = PBXFileReference; lastKnownFileType = folder.assetcatalog; path = Assets.xcassets; sourceTree = "<group>"; };
		8A0E51841D855FCB00A6E44B /* Base */ = {isa = PBXFileReference; lastKnownFileType = file.storyboard; name = Base; path = Base.lproj/LaunchScreen.storyboard; sourceTree = "<group>"; };
		8A0E51861D855FCB00A6E44B /* Info.plist */ = {isa = PBXFileReference; lastKnownFileType = text.plist.xml; path = Info.plist; sourceTree = "<group>"; };
		8A0E518B1D855FCB00A6E44B /* helpdTests.xctest */ = {isa = PBXFileReference; explicitFileType = wrapper.cfbundle; includeInIndex = 0; path = helpdTests.xctest; sourceTree = BUILT_PRODUCTS_DIR; };
		8A0E518F1D855FCB00A6E44B /* helpdTests.swift */ = {isa = PBXFileReference; lastKnownFileType = sourcecode.swift; name = helpdTests.swift; path = helpdTests/helpdTests.swift; sourceTree = SOURCE_ROOT; };
		8A0E51911D855FCB00A6E44B /* Info.plist */ = {isa = PBXFileReference; lastKnownFileType = text.plist.xml; path = Info.plist; sourceTree = "<group>"; };
		8A0E51961D855FCB00A6E44B /* helpdUITests.xctest */ = {isa = PBXFileReference; explicitFileType = wrapper.cfbundle; includeInIndex = 0; path = helpdUITests.xctest; sourceTree = BUILT_PRODUCTS_DIR; };
		8A0E519A1D855FCB00A6E44B /* helpdUITests.swift */ = {isa = PBXFileReference; lastKnownFileType = sourcecode.swift; path = helpdUITests.swift; sourceTree = "<group>"; };
		8A0E519C1D855FCB00A6E44B /* Info.plist */ = {isa = PBXFileReference; lastKnownFileType = text.plist.xml; path = Info.plist; sourceTree = "<group>"; };
		8A4A879E1D87A36E0061B848 /* Pulse2SDK */ = {isa = PBXFileReference; lastKnownFileType = archive.ar; name = Pulse2SDK; path = ../../../Pulse2SDK.framework/Versions/A/Pulse2SDK; sourceTree = "<group>"; };
		8A4A87AC1D87BB860061B848 /* bg.jpg */ = {isa = PBXFileReference; lastKnownFileType = image.jpeg; path = bg.jpg; sourceTree = "<group>"; };
		8A4A87B51D87EC2A0061B848 /* Base */ = {isa = PBXFileReference; lastKnownFileType = file.storyboard; name = Base; path = Base.lproj/Main.storyboard; sourceTree = "<group>"; };
		8AA005101D89CD1300328485 /* Bolts.framework */ = {isa = PBXFileReference; lastKnownFileType = wrapper.framework; path = Bolts.framework; sourceTree = "<group>"; };
		8AA005161D89EFB600328485 /* fb.swift */ = {isa = PBXFileReference; fileEncoding = 4; lastKnownFileType = sourcecode.swift; path = fb.swift; sourceTree = "<group>"; };
		8AA005181D89EFEA00328485 /* linkedin.png */ = {isa = PBXFileReference; lastKnownFileType = image.png; path = linkedin.png; sourceTree = "<group>"; };
		8AA0051A1D89F00F00328485 /* email.png */ = {isa = PBXFileReference; lastKnownFileType = image.png; path = email.png; sourceTree = "<group>"; };
		8AA0051B1D89F00F00328485 /* facebook.png */ = {isa = PBXFileReference; lastKnownFileType = image.png; path = facebook.png; sourceTree = "<group>"; };
		8AA0051C1D89F00F00328485 /* github.png */ = {isa = PBXFileReference; lastKnownFileType = image.png; path = github.png; sourceTree = "<group>"; };
		8AA0051D1D89F00F00328485 /* instagram.png */ = {isa = PBXFileReference; lastKnownFileType = image.png; path = instagram.png; sourceTree = "<group>"; };
		8AA0051E1D89F00F00328485 /* twitter.png */ = {isa = PBXFileReference; lastKnownFileType = image.png; path = twitter.png; sourceTree = "<group>"; };
		8AB5D2F01D8931290047DAC9 /* FBSDKCoreKit.framework */ = {isa = PBXFileReference; lastKnownFileType = wrapper.framework; name = FBSDKCoreKit.framework; path = ../FBSDKCoreKit.framework; sourceTree = "<group>"; };
		8AB5D2F11D8931290047DAC9 /* FBSDKLoginKit.framework */ = {isa = PBXFileReference; lastKnownFileType = wrapper.framework; name = FBSDKLoginKit.framework; path = ../FBSDKLoginKit.framework; sourceTree = "<group>"; };
		8AB5D2F21D8931290047DAC9 /* FBSDKShareKit.framework */ = {isa = PBXFileReference; lastKnownFileType = wrapper.framework; name = FBSDKShareKit.framework; path = ../FBSDKShareKit.framework; sourceTree = "<group>"; };
		8AB5D2F61D89325F0047DAC9 /* helpd-Bridging-Header.h */ = {isa = PBXFileReference; lastKnownFileType = sourcecode.c.h; path = "helpd-Bridging-Header.h"; sourceTree = "<group>"; };
		8AB5D2F91D8934D10047DAC9 /* fbSdk.m */ = {isa = PBXFileReference; fileEncoding = 4; lastKnownFileType = sourcecode.c.objc; path = fbSdk.m; sourceTree = "<group>"; };
/* End PBXFileReference section */

/* Begin PBXFrameworksBuildPhase section */
		8A0E51741D855FCB00A6E44B /* Frameworks */ = {
			isa = PBXFrameworksBuildPhase;
			buildActionMask = 2147483647;
			files = (
				8AA005111D89CD1300328485 /* Bolts.framework in Frameworks */,
				8AB5D2F31D8931290047DAC9 /* FBSDKCoreKit.framework in Frameworks */,
				8AB5D2F51D8931290047DAC9 /* FBSDKShareKit.framework in Frameworks */,
				8AB5D2F41D8931290047DAC9 /* FBSDKLoginKit.framework in Frameworks */,
				8A4A879F1D87A36E0061B848 /* Pulse2SDK in Frameworks */,
			);
			runOnlyForDeploymentPostprocessing = 0;
		};
		8A0E51881D855FCB00A6E44B /* Frameworks */ = {
			isa = PBXFrameworksBuildPhase;
			buildActionMask = 2147483647;
			files = (
			);
			runOnlyForDeploymentPostprocessing = 0;
		};
		8A0E51931D855FCB00A6E44B /* Frameworks */ = {
			isa = PBXFrameworksBuildPhase;
			buildActionMask = 2147483647;
			files = (
			);
			runOnlyForDeploymentPostprocessing = 0;
		};
/* End PBXFrameworksBuildPhase section */

/* Begin PBXGroup section */
		8A0E516E1D855FCB00A6E44B = {
			isa = PBXGroup;
			children = (
				8AB5D2F91D8934D10047DAC9 /* fbSdk.m */,
				8A0E51991D855FCB00A6E44B /* helpdUITests */,
				8A0E51791D855FCB00A6E44B /* helpd */,
				8A0E518E1D855FCB00A6E44B /* helpdTests */,
				8A0E51781D855FCB00A6E44B /* Products */,
				8A4A879B1D87A1DB0061B848 /* Frameworks */,
			);
			sourceTree = "<group>";
		};
		8A0E51781D855FCB00A6E44B /* Products */ = {
			isa = PBXGroup;
			children = (
				8A0E51771D855FCB00A6E44B /* helpd.app */,
				8A0E518B1D855FCB00A6E44B /* helpdTests.xctest */,
				8A0E51961D855FCB00A6E44B /* helpdUITests.xctest */,
			);
			name = Products;
			sourceTree = "<group>";
		};
		8A0E51791D855FCB00A6E44B /* helpd */ = {
			isa = PBXGroup;
			children = (
				8AA005151D89EFAA00328485 /* icons */,
				8AA005101D89CD1300328485 /* Bolts.framework */,
				8AB5D2F01D8931290047DAC9 /* FBSDKCoreKit.framework */,
				8AB5D2F11D8931290047DAC9 /* FBSDKLoginKit.framework */,
				8AB5D2F21D8931290047DAC9 /* FBSDKShareKit.framework */,
				8A4A87B41D87EC2A0061B848 /* Main.storyboard */,
				8A0E517A1D855FCB00A6E44B /* AppDelegate.swift */,
				8A0E517C1D855FCB00A6E44B /* ViewController.swift */,
				8A0E51811D855FCB00A6E44B /* Assets.xcassets */,
				8A0E51831D855FCB00A6E44B /* LaunchScreen.storyboard */,
				8A0E51861D855FCB00A6E44B /* Info.plist */,
				8A0E518F1D855FCB00A6E44B /* helpdTests.swift */,
				8AB5D2F61D89325F0047DAC9 /* helpd-Bridging-Header.h */,
			);
			path = helpd;
			sourceTree = "<group>";
		};
		8A0E518E1D855FCB00A6E44B /* helpdTests */ = {
			isa = PBXGroup;
			children = (
				8A0E51911D855FCB00A6E44B /* Info.plist */,
			);
			path = helpdTests;
			sourceTree = "<group>";
		};
		8A0E51991D855FCB00A6E44B /* helpdUITests */ = {
			isa = PBXGroup;
			children = (
				8A0E519A1D855FCB00A6E44B /* helpdUITests.swift */,
				8A0E519C1D855FCB00A6E44B /* Info.plist */,
			);
			path = helpdUITests;
			sourceTree = "<group>";
		};
		8A4A879B1D87A1DB0061B848 /* Frameworks */ = {
			isa = PBXGroup;
			children = (
				8A4A879E1D87A36E0061B848 /* Pulse2SDK */,
			);
			name = Frameworks;
			sourceTree = "<group>";
		};
		8AA005151D89EFAA00328485 /* icons */ = {
			isa = PBXGroup;
			children = (
				8A4A87AC1D87BB860061B848 /* bg.jpg */,
				8AA0051A1D89F00F00328485 /* email.png */,
				8AA0051B1D89F00F00328485 /* facebook.png */,
				8AA0051C1D89F00F00328485 /* github.png */,
				8AA0051D1D89F00F00328485 /* instagram.png */,
				8AA0051E1D89F00F00328485 /* twitter.png */,
				8AA005181D89EFEA00328485 /* linkedin.png */,
				8AA005161D89EFB600328485 /* fb.swift */,
			);
			name = icons;
			sourceTree = "<group>";
		};
/* End PBXGroup section */

/* Begin PBXNativeTarget section */
		8A0E51761D855FCB00A6E44B /* helpd */ = {
			isa = PBXNativeTarget;
			buildConfigurationList = 8A0E519F1D855FCB00A6E44B /* Build configuration list for PBXNativeTarget "helpd" */;
			buildPhases = (
				8A0E51731D855FCB00A6E44B /* Sources */,
				8A0E51741D855FCB00A6E44B /* Frameworks */,
				8A0E51751D855FCB00A6E44B /* Resources */,
				8A4789B91D856BA000B040DE /* Embed Frameworks */,
			);
			buildRules = (
			);
			dependencies = (
			);
			name = helpd;
			productName = helpd;
			productReference = 8A0E51771D855FCB00A6E44B /* helpd.app */;
			productType = "com.apple.product-type.application";
		};
		8A0E518A1D855FCB00A6E44B /* helpdTests */ = {
			isa = PBXNativeTarget;
			buildConfigurationList = 8A0E51A21D855FCB00A6E44B /* Build configuration list for PBXNativeTarget "helpdTests" */;
			buildPhases = (
				8A0E51871D855FCB00A6E44B /* Sources */,
				8A0E51881D855FCB00A6E44B /* Frameworks */,
				8A0E51891D855FCB00A6E44B /* Resources */,
			);
			buildRules = (
			);
			dependencies = (
				8A0E518D1D855FCB00A6E44B /* PBXTargetDependency */,
			);
			name = helpdTests;
			productName = helpdTests;
			productReference = 8A0E518B1D855FCB00A6E44B /* helpdTests.xctest */;
			productType = "com.apple.product-type.bundle.unit-test";
		};
		8A0E51951D855FCB00A6E44B /* helpdUITests */ = {
			isa = PBXNativeTarget;
			buildConfigurationList = 8A0E51A51D855FCB00A6E44B /* Build configuration list for PBXNativeTarget "helpdUITests" */;
			buildPhases = (
				8A0E51921D855FCB00A6E44B /* Sources */,
				8A0E51931D855FCB00A6E44B /* Frameworks */,
				8A0E51941D855FCB00A6E44B /* Resources */,
			);
			buildRules = (
			);
			dependencies = (
				8A0E51981D855FCB00A6E44B /* PBXTargetDependency */,
			);
			name = helpdUITests;
			productName = helpdUITests;
			productReference = 8A0E51961D855FCB00A6E44B /* helpdUITests.xctest */;
			productType = "com.apple.product-type.bundle.ui-testing";
		};
/* End PBXNativeTarget section */

/* Begin PBXProject section */
		8A0E516F1D855FCB00A6E44B /* Project object */ = {
			isa = PBXProject;
			attributes = {
				LastSwiftUpdateCheck = 0800;
				LastUpgradeCheck = 0800;
				ORGANIZATIONNAME = "Jain, Vasu";
				TargetAttributes = {
					8A0E51761D855FCB00A6E44B = {
						CreatedOnToolsVersion = 8.0;
						DevelopmentTeam = KCZ57G5VL3;
						LastSwiftMigration = 0800;
						ProvisioningStyle = Automatic;
					};
					8A0E518A1D855FCB00A6E44B = {
						CreatedOnToolsVersion = 8.0;
						ProvisioningStyle = Automatic;
						TestTargetID = 8A0E51761D855FCB00A6E44B;
					};
					8A0E51951D855FCB00A6E44B = {
						CreatedOnToolsVersion = 8.0;
						ProvisioningStyle = Automatic;
						TestTargetID = 8A0E51761D855FCB00A6E44B;
					};
				};
			};
			buildConfigurationList = 8A0E51721D855FCB00A6E44B /* Build configuration list for PBXProject "helpd" */;
			compatibilityVersion = "Xcode 3.2";
			developmentRegion = English;
			hasScannedForEncodings = 0;
			knownRegions = (
				en,
				Base,
			);
			mainGroup = 8A0E516E1D855FCB00A6E44B;
			productRefGroup = 8A0E51781D855FCB00A6E44B /* Products */;
			projectDirPath = "";
			projectRoot = "";
			targets = (
				8A0E51761D855FCB00A6E44B /* helpd */,
				8A0E518A1D855FCB00A6E44B /* helpdTests */,
				8A0E51951D855FCB00A6E44B /* helpdUITests */,
			);
		};
/* End PBXProject section */

/* Begin PBXResourcesBuildPhase section */
		8A0E51751D855FCB00A6E44B /* Resources */ = {
			isa = PBXResourcesBuildPhase;
			buildActionMask = 2147483647;
			files = (
				8AA005211D89F00F00328485 /* github.png in Resources */,
				8A0E51851D855FCB00A6E44B /* LaunchScreen.storyboard in Resources */,
				8A0E51821D855FCB00A6E44B /* Assets.xcassets in Resources */,
				8AA005221D89F00F00328485 /* instagram.png in Resources */,
				8AA0051F1D89F00F00328485 /* email.png in Resources */,
				8AA005201D89F00F00328485 /* facebook.png in Resources */,
				8AA005191D89EFEA00328485 /* linkedin.png in Resources */,
				8AA005231D89F00F00328485 /* twitter.png in Resources */,
				8A4A87AE1D87BB860061B848 /* bg.jpg in Resources */,
				8A4A87B61D87EC2A0061B848 /* Main.storyboard in Resources */,
			);
			runOnlyForDeploymentPostprocessing = 0;
		};
		8A0E51891D855FCB00A6E44B /* Resources */ = {
			isa = PBXResourcesBuildPhase;
			buildActionMask = 2147483647;
			files = (
			);
			runOnlyForDeploymentPostprocessing = 0;
		};
		8A0E51941D855FCB00A6E44B /* Resources */ = {
			isa = PBXResourcesBuildPhase;
			buildActionMask = 2147483647;
			files = (
			);
			runOnlyForDeploymentPostprocessing = 0;
		};
/* End PBXResourcesBuildPhase section */

/* Begin PBXSourcesBuildPhase section */
		8A0E51731D855FCB00A6E44B /* Sources */ = {
			isa = PBXSourcesBuildPhase;
			buildActionMask = 2147483647;
			files = (
				8AB5D2FA1D8934D10047DAC9 /* fbSdk.m in Sources */,
				8A0E517D1D855FCB00A6E44B /* ViewController.swift in Sources */,
				8A0E517B1D855FCB00A6E44B /* AppDelegate.swift in Sources */,
				8AA005171D89EFB600328485 /* fb.swift in Sources */,
			);
			runOnlyForDeploymentPostprocessing = 0;
		};
		8A0E51871D855FCB00A6E44B /* Sources */ = {
			isa = PBXSourcesBuildPhase;
			buildActionMask = 2147483647;
			files = (
				8A0E51901D855FCB00A6E44B /* helpdTests.swift in Sources */,
			);
			runOnlyForDeploymentPostprocessing = 0;
		};
		8A0E51921D855FCB00A6E44B /* Sources */ = {
			isa = PBXSourcesBuildPhase;
			buildActionMask = 2147483647;
			files = (
				8A0E519B1D855FCB00A6E44B /* helpdUITests.swift in Sources */,
			);
			runOnlyForDeploymentPostprocessing = 0;
		};
/* End PBXSourcesBuildPhase section */

/* Begin PBXTargetDependency section */
		8A0E518D1D855FCB00A6E44B /* PBXTargetDependency */ = {
			isa = PBXTargetDependency;
			target = 8A0E51761D855FCB00A6E44B /* helpd */;
			targetProxy = 8A0E518C1D855FCB00A6E44B /* PBXContainerItemProxy */;
		};
		8A0E51981D855FCB00A6E44B /* PBXTargetDependency */ = {
			isa = PBXTargetDependency;
			target = 8A0E51761D855FCB00A6E44B /* helpd */;
			targetProxy = 8A0E51971D855FCB00A6E44B /* PBXContainerItemProxy */;
		};
/* End PBXTargetDependency section */

/* Begin PBXVariantGroup section */
		8A0E51831D855FCB00A6E44B /* LaunchScreen.storyboard */ = {
			isa = PBXVariantGroup;
			children = (
				8A0E51841D855FCB00A6E44B /* Base */,
			);
			name = LaunchScreen.storyboard;
			sourceTree = "<group>";
		};
		8A4A87B41D87EC2A0061B848 /* Main.storyboard */ = {
			isa = PBXVariantGroup;
			children = (
				8A4A87B51D87EC2A0061B848 /* Base */,
			);
			name = Main.storyboard;
			sourceTree = "<group>";
		};
/* End PBXVariantGroup section */

/* Begin XCBuildConfiguration section */
		8A0E519D1D855FCB00A6E44B /* Debug */ = {
			isa = XCBuildConfiguration;
			buildSettings = {
				ALWAYS_SEARCH_USER_PATHS = NO;
				CLANG_ANALYZER_NONNULL = YES;
				CLANG_CXX_LANGUAGE_STANDARD = "gnu++0x";
				CLANG_CXX_LIBRARY = "libc++";
				CLANG_ENABLE_MODULES = YES;
				CLANG_ENABLE_OBJC_ARC = YES;
				CLANG_WARN_BOOL_CONVERSION = YES;
				CLANG_WARN_CONSTANT_CONVERSION = YES;
				CLANG_WARN_DIRECT_OBJC_ISA_USAGE = YES_ERROR;
				CLANG_WARN_DOCUMENTATION_COMMENTS = YES;
				CLANG_WARN_EMPTY_BODY = YES;
				CLANG_WARN_ENUM_CONVERSION = YES;
				CLANG_WARN_INFINITE_RECURSION = YES;
				CLANG_WARN_INT_CONVERSION = YES;
				CLANG_WARN_OBJC_ROOT_CLASS = YES_ERROR;
				CLANG_WARN_SUSPICIOUS_MOVES = YES;
				CLANG_WARN_UNREACHABLE_CODE = YES;
				CLANG_WARN__DUPLICATE_METHOD_MATCH = YES;
				"CODE_SIGN_IDENTITY[sdk=iphoneos*]" = "iPhone Developer";
				COPY_PHASE_STRIP = NO;
				DEBUG_INFORMATION_FORMAT = dwarf;
				ENABLE_STRICT_OBJC_MSGSEND = YES;
				ENABLE_TESTABILITY = YES;
				GCC_C_LANGUAGE_STANDARD = gnu99;
				GCC_DYNAMIC_NO_PIC = NO;
				GCC_NO_COMMON_BLOCKS = YES;
				GCC_OPTIMIZATION_LEVEL = 0;
				GCC_PREPROCESSOR_DEFINITIONS = (
					"DEBUG=1",
					"$(inherited)",
				);
				GCC_WARN_64_TO_32_BIT_CONVERSION = YES;
				GCC_WARN_ABOUT_RETURN_TYPE = YES_ERROR;
				GCC_WARN_UNDECLARED_SELECTOR = YES;
				GCC_WARN_UNINITIALIZED_AUTOS = YES_AGGRESSIVE;
				GCC_WARN_UNUSED_FUNCTION = YES;
				GCC_WARN_UNUSED_VARIABLE = YES;
				IPHONEOS_DEPLOYMENT_TARGET = 10.0;
				MTL_ENABLE_DEBUG_INFO = YES;
				ONLY_ACTIVE_ARCH = YES;
				SDKROOT = iphoneos;
				SWIFT_ACTIVE_COMPILATION_CONDITIONS = DEBUG;
				SWIFT_OPTIMIZATION_LEVEL = "-Onone";
				TARGETED_DEVICE_FAMILY = "1,2";
			};
			name = Debug;
		};
		8A0E519E1D855FCB00A6E44B /* Release */ = {
			isa = XCBuildConfiguration;
			buildSettings = {
				ALWAYS_SEARCH_USER_PATHS = NO;
				CLANG_ANALYZER_NONNULL = YES;
				CLANG_CXX_LANGUAGE_STANDARD = "gnu++0x";
				CLANG_CXX_LIBRARY = "libc++";
				CLANG_ENABLE_MODULES = YES;
				CLANG_ENABLE_OBJC_ARC = YES;
				CLANG_WARN_BOOL_CONVERSION = YES;
				CLANG_WARN_CONSTANT_CONVERSION = YES;
				CLANG_WARN_DIRECT_OBJC_ISA_USAGE = YES_ERROR;
				CLANG_WARN_DOCUMENTATION_COMMENTS = YES;
				CLANG_WARN_EMPTY_BODY = YES;
				CLANG_WARN_ENUM_CONVERSION = YES;
				CLANG_WARN_INFINITE_RECURSION = YES;
				CLANG_WARN_INT_CONVERSION = YES;
				CLANG_WARN_OBJC_ROOT_CLASS = YES_ERROR;
				CLANG_WARN_SUSPICIOUS_MOVES = YES;
				CLANG_WARN_UNREACHABLE_CODE = YES;
				CLANG_WARN__DUPLICATE_METHOD_MATCH = YES;
				"CODE_SIGN_IDENTITY[sdk=iphoneos*]" = "iPhone Developer";
				COPY_PHASE_STRIP = NO;
				DEBUG_INFORMATION_FORMAT = "dwarf-with-dsym";
				ENABLE_NS_ASSERTIONS = NO;
				ENABLE_STRICT_OBJC_MSGSEND = YES;
				GCC_C_LANGUAGE_STANDARD = gnu99;
				GCC_NO_COMMON_BLOCKS = YES;
				GCC_WARN_64_TO_32_BIT_CONVERSION = YES;
				GCC_WARN_ABOUT_RETURN_TYPE = YES_ERROR;
				GCC_WARN_UNDECLARED_SELECTOR = YES;
				GCC_WARN_UNINITIALIZED_AUTOS = YES_AGGRESSIVE;
				GCC_WARN_UNUSED_FUNCTION = YES;
				GCC_WARN_UNUSED_VARIABLE = YES;
				IPHONEOS_DEPLOYMENT_TARGET = 10.0;
				MTL_ENABLE_DEBUG_INFO = NO;
				SDKROOT = iphoneos;
				SWIFT_OPTIMIZATION_LEVEL = "-Owholemodule";
				TARGETED_DEVICE_FAMILY = "1,2";
				VALIDATE_PRODUCT = YES;
			};
			name = Release;
		};
		8A0E51A01D855FCB00A6E44B /* Debug */ = {
			isa = XCBuildConfiguration;
			buildSettings = {
				ASSETCATALOG_COMPILER_APPICON_NAME = AppIcon;
				CLANG_ENABLE_MODULES = YES;
				DEVELOPMENT_TEAM = KCZ57G5VL3;
				FRAMEWORK_SEARCH_PATHS = (
					"$(inherited)",
					"$(PROJECT_DIR)",
					"$(PROJECT_DIR)/helpd",
				);
				INFOPLIST_FILE = helpd/Info.plist;
				LD_RUNPATH_SEARCH_PATHS = "$(inherited) @executable_path/Frameworks";
				PRODUCT_BUNDLE_IDENTIFIER = vj.helpd.app;
				PRODUCT_NAME = "$(TARGET_NAME)";
				SWIFT_OBJC_BRIDGING_HEADER = "helpd/helpd-Bridging-Header.h";
				SWIFT_OPTIMIZATION_LEVEL = "-Onone";
				SWIFT_VERSION = 3.0;
			};
			name = Debug;
		};
		8A0E51A11D855FCB00A6E44B /* Release */ = {
			isa = XCBuildConfiguration;
			buildSettings = {
				ASSETCATALOG_COMPILER_APPICON_NAME = AppIcon;
				CLANG_ENABLE_MODULES = YES;
				DEVELOPMENT_TEAM = KCZ57G5VL3;
				FRAMEWORK_SEARCH_PATHS = (
					"$(inherited)",
					"$(PROJECT_DIR)",
					"$(PROJECT_DIR)/helpd",
				);
				INFOPLIST_FILE = helpd/Info.plist;
				LD_RUNPATH_SEARCH_PATHS = "$(inherited) @executable_path/Frameworks";
				PRODUCT_BUNDLE_IDENTIFIER = vj.helpd.app;
				PRODUCT_NAME = "$(TARGET_NAME)";
				SWIFT_OBJC_BRIDGING_HEADER = "helpd/helpd-Bridging-Header.h";
				SWIFT_VERSION = 3.0;
			};
			name = Release;
		};
		8A0E51A31D855FCB00A6E44B /* Debug */ = {
			isa = XCBuildConfiguration;
			buildSettings = {
				ALWAYS_EMBED_SWIFT_STANDARD_LIBRARIES = YES;
				BUNDLE_LOADER = "$(TEST_HOST)";
				INFOPLIST_FILE = helpdTests/Info.plist;
				LD_RUNPATH_SEARCH_PATHS = "$(inherited) @executable_path/Frameworks @loader_path/Frameworks";
				PRODUCT_BUNDLE_IDENTIFIER = vj.helpdTests;
				PRODUCT_NAME = "$(TARGET_NAME)";
				SWIFT_VERSION = 3.0;
				TEST_HOST = "$(BUILT_PRODUCTS_DIR)/helpd.app/helpd";
			};
			name = Debug;
		};
		8A0E51A41D855FCB00A6E44B /* Release */ = {
			isa = XCBuildConfiguration;
			buildSettings = {
				ALWAYS_EMBED_SWIFT_STANDARD_LIBRARIES = YES;
				BUNDLE_LOADER = "$(TEST_HOST)";
				INFOPLIST_FILE = helpdTests/Info.plist;
				LD_RUNPATH_SEARCH_PATHS = "$(inherited) @executable_path/Frameworks @loader_path/Frameworks";
				PRODUCT_BUNDLE_IDENTIFIER = vj.helpdTests;
				PRODUCT_NAME = "$(TARGET_NAME)";
				SWIFT_VERSION = 3.0;
				TEST_HOST = "$(BUILT_PRODUCTS_DIR)/helpd.app/helpd";
			};
			name = Release;
		};
		8A0E51A61D855FCB00A6E44B /* Debug */ = {
			isa = XCBuildConfiguration;
			buildSettings = {
				ALWAYS_EMBED_SWIFT_STANDARD_LIBRARIES = YES;
				INFOPLIST_FILE = helpdUITests/Info.plist;
				LD_RUNPATH_SEARCH_PATHS = "$(inherited) @executable_path/Frameworks @loader_path/Frameworks";
				PRODUCT_BUNDLE_IDENTIFIER = vj.helpdUITests;
				PRODUCT_NAME = "$(TARGET_NAME)";
				SWIFT_VERSION = 3.0;
				TEST_TARGET_NAME = helpd;
			};
			name = Debug;
		};
		8A0E51A71D855FCB00A6E44B /* Release */ = {
			isa = XCBuildConfiguration;
			buildSettings = {
				ALWAYS_EMBED_SWIFT_STANDARD_LIBRARIES = YES;
				INFOPLIST_FILE = helpdUITests/Info.plist;
				LD_RUNPATH_SEARCH_PATHS = "$(inherited) @executable_path/Frameworks @loader_path/Frameworks";
				PRODUCT_BUNDLE_IDENTIFIER = vj.helpdUITests;
				PRODUCT_NAME = "$(TARGET_NAME)";
				SWIFT_VERSION = 3.0;
				TEST_TARGET_NAME = helpd;
			};
			name = Release;
		};
/* End XCBuildConfiguration section */

/* Begin XCConfigurationList section */
		8A0E51721D855FCB00A6E44B /* Build configuration list for PBXProject "helpd" */ = {
			isa = XCConfigurationList;
			buildConfigurations = (
				8A0E519D1D855FCB00A6E44B /* Debug */,
				8A0E519E1D855FCB00A6E44B /* Release */,
			);
			defaultConfigurationIsVisible = 0;
			defaultConfigurationName = Release;
		};
		8A0E519F1D855FCB00A6E44B /* Build configuration list for PBXNativeTarget "helpd" */ = {
			isa = XCConfigurationList;
			buildConfigurations = (
				8A0E51A01D855FCB00A6E44B /* Debug */,
				8A0E51A11D855FCB00A6E44B /* Release */,
			);
			defaultConfigurationIsVisible = 0;
			defaultConfigurationName = Release;
		};
		8A0E51A21D855FCB00A6E44B /* Build configuration list for PBXNativeTarget "helpdTests" */ = {
			isa = XCConfigurationList;
			buildConfigurations = (
				8A0E51A31D855FCB00A6E44B /* Debug */,
				8A0E51A41D855FCB00A6E44B /* Release */,
			);
			defaultConfigurationIsVisible = 0;
			defaultConfigurationName = Release;
		};
		8A0E51A51D855FCB00A6E44B /* Build configuration list for PBXNativeTarget "helpdUITests" */ = {
			isa = XCConfigurationList;
			buildConfigurations = (
				8A0E51A61D855FCB00A6E44B /* Debug */,
				8A0E51A71D855FCB00A6E44B /* Release */,
			);
			defaultConfigurationIsVisible = 0;
			defaultConfigurationName = Release;
		};
/* End XCConfigurationList section */
	};
	rootObject = 8A0E516F1D855FCB00A6E44B /* Project object */;
}
